PODS:
  - Realm (3.19.0):
    - Realm/Headers (= 3.19.0)
  - Realm/Headers (3.19.0)
  - RealmSwift (3.19.0):
    - Realm (= 3.19.0)
  - SAConfettiView (0.1.8)
  - SwiftDate (6.1.0)
  - SwipeCellKit (2.7.1)

DEPENDENCIES:
  - RealmSwift
  - SAConfettiView
  - SwiftDate (~> 6.0)
  - SwipeCellKit

SPEC REPOS:
  trunk:
    - Realm
    - RealmSwift
    - SAConfettiView
    - SwiftDate
    - SwipeCellKit

SPEC CHECKSUMS:
  Realm: 995d585bcf699aaff226715886c849a29dd3d07f
  RealmSwift: 35f284a537989f2187b413e5917091948cb87a3f
  SAConfettiView: c87031a2280659261b730fce3669fb10e73636ee
  SwiftDate: fa2bb3962056bb44047b4b85a30044e5eae30b03
  SwipeCellKit: 3972254a826da74609926daf59b08d6c72e619ea

PODFILE CHECKSUM: a59281db645655cc4311c84709fcf65160668712

COCOAPODS: 1.8.3
